
Microsoft Visual Studio Solution File, Format Version 12.00
# Visual Studio Version 17
VisualStudioVersion = 17.0.31903.59
MinimumVisualStudioVersion = 10.0.40219.1
Project("{9A19103F-16F7-4668-BE54-9A1E7A4F7556}") = "Authentication.API", "Authentication.API\Authentication.API.csproj", "{F6C80BD7-67F5-4CB0-8E01-FB60A55FBF67}"
EndProject
Project("{9A19103F-16F7-4668-BE54-9A1E7A4F7556}") = "Authentication.Core", "Authentication.Core\Authentication.Core.csproj", "{B32BA483-5365-4CEC-B8A1-8FFCEBA42FA6}"
EndProject
Project("{9A19103F-16F7-4668-BE54-9A1E7A4F7556}") = "Authentication.Security", "Authentication.Security\Authentication.Security.csproj", "{4F535DFA-44FD-4ED4-BB9A-F32600A233C4}"
EndProject
Project("{9A19103F-16F7-4668-BE54-9A1E7A4F7556}") = "Authentication.Persistence", "Authentication.Persistence\Authentication.Persistence.csproj", "{13E36EE0-6B43-4F31-828A-AAEC878A9672}"
EndProject
Project("{FAE04EC0-301F-11D3-BF4B-00C04F79EFBC}") = "Authentication.Services", "Authentication.Services\Authentication.Services.csproj", "{8AD79C20-2615-44FA-A91C-4A565BAD7D9E}"
EndProject
Project("{2150E333-8FDC-42A3-9474-1A3956D46DE8}") = "Solution Items", "Solution Items", "{012C4FEE-C585-4650-A115-4128987467E8}"
	ProjectSection(SolutionItems) = preProject
		README.md = README.md
	EndProjectSection
EndProject
Global
	GlobalSection(SolutionConfigurationPlatforms) = preSolution
		Debug|Any CPU = Debug|Any CPU
		Release|Any CPU = Release|Any CPU
	EndGlobalSection
	GlobalSection(ProjectConfigurationPlatforms) = postSolution
		{F6C80BD7-67F5-4CB0-8E01-FB60A55FBF67}.Debug|Any CPU.ActiveCfg = Debug|Any CPU
		{F6C80BD7-67F5-4CB0-8E01-FB60A55FBF67}.Debug|Any CPU.Build.0 = Debug|Any CPU
		{F6C80BD7-67F5-4CB0-8E01-FB60A55FBF67}.Release|Any CPU.ActiveCfg = Release|Any CPU
		{F6C80BD7-67F5-4CB0-8E01-FB60A55FBF67}.Release|Any CPU.Build.0 = Release|Any CPU
		{B32BA483-5365-4CEC-B8A1-8FFCEBA42FA6}.Debug|Any CPU.ActiveCfg = Debug|Any CPU
		{B32BA483-5365-4CEC-B8A1-8FFCEBA42FA6}.Debug|Any CPU.Build.0 = Debug|Any CPU
		{B32BA483-5365-4CEC-B8A1-8FFCEBA42FA6}.Release|Any CPU.ActiveCfg = Release|Any CPU
		{B32BA483-5365-4CEC-B8A1-8FFCEBA42FA6}.Release|Any CPU.Build.0 = Release|Any CPU
		{4F535DFA-44FD-4ED4-BB9A-F32600A233C4}.Debug|Any CPU.ActiveCfg = Debug|Any CPU
		{4F535DFA-44FD-4ED4-BB9A-F32600A233C4}.Debug|Any CPU.Build.0 = Debug|Any CPU
		{4F535DFA-44FD-4ED4-BB9A-F32600A233C4}.Release|Any CPU.ActiveCfg = Release|Any CPU
		{4F535DFA-44FD-4ED4-BB9A-F32600A233C4}.Release|Any CPU.Build.0 = Release|Any CPU
		{13E36EE0-6B43-4F31-828A-AAEC878A9672}.Debug|Any CPU.ActiveCfg = Debug|Any CPU
		{13E36EE0-6B43-4F31-828A-AAEC878A9672}.Debug|Any CPU.Build.0 = Debug|Any CPU
		{13E36EE0-6B43-4F31-828A-AAEC878A9672}.Release|Any CPU.ActiveCfg = Release|Any CPU
		{13E36EE0-6B43-4F31-828A-AAEC878A9672}.Release|Any CPU.Build.0 = Release|Any CPU
		{8AD79C20-2615-44FA-A91C-4A565BAD7D9E}.Debug|Any CPU.ActiveCfg = Debug|Any CPU
		{8AD79C20-2615-44FA-A91C-4A565BAD7D9E}.Debug|Any CPU.Build.0 = Debug|Any CPU
		{8AD79C20-2615-44FA-A91C-4A565BAD7D9E}.Release|Any CPU.ActiveCfg = Release|Any CPU
		{8AD79C20-2615-44FA-A91C-4A565BAD7D9E}.Release|Any CPU.Build.0 = Release|Any CPU
	EndGlobalSection
	GlobalSection(SolutionProperties) = preSolution
		HideSolutionNode = FALSE
	EndGlobalSection
	GlobalSection(ExtensibilityGlobals) = postSolution
		SolutionGuid = {D5F18884-4A51-44DA-96D8-BF4C1AAF0D0D}
	EndGlobalSection
EndGlobal
